
Microsoft Visual Studio Solution File, Format Version 12.00
# Visual Studio Version 16
VisualStudioVersion = 16.0.31005.135
MinimumVisualStudioVersion = 10.0.40219.1
Project("{FAE04EC0-301F-11D3-BF4B-00C04F79EFBC}") = "Proyecto-Catedra-GP3", "Proyecto-Catedra-GP3\Proyecto-Catedra-GP3.csproj", "{179F6E90-5435-4838-9103-A0D89D684946}"
EndProject
Global
	GlobalSection(SolutionConfigurationPlatforms) = preSolution
		Debug|Any CPU = Debug|Any CPU
		Release|Any CPU = Release|Any CPU
	EndGlobalSection
	GlobalSection(ProjectConfigurationPlatforms) = postSolution
		{179F6E90-5435-4838-9103-A0D89D684946}.Debug|Any CPU.ActiveCfg = Debug|Any CPU
		{179F6E90-5435-4838-9103-A0D89D684946}.Debug|Any CPU.Build.0 = Debug|Any CPU
		{179F6E90-5435-4838-9103-A0D89D684946}.Release|Any CPU.ActiveCfg = Release|Any CPU
		{179F6E90-5435-4838-9103-A0D89D684946}.Release|Any CPU.Build.0 = Release|Any CPU
	EndGlobalSection
	GlobalSection(SolutionProperties) = preSolution
		HideSolutionNode = FALSE
	EndGlobalSection
	GlobalSection(ExtensibilityGlobals) = postSolution
		SolutionGuid = {60F89146-FB7B-4B07-AD2B-72E48AAA9A71}
	EndGlobalSection
EndGlobal
